
Microsoft Visual Studio Solution File, Format Version 12.00
# Visual Studio 2012
Project("{FAE04EC0-301F-11D3-BF4B-00C04F79EFBC}") = "ShLinkerApp", "ShLinkerApp\ShLinkerApp.csproj", "{A19E9588-C1CA-4EEA-A16C-2F1819CAD14D}"
EndProject
Global
	GlobalSection(SolutionConfigurationPlatforms) = preSolution
		Debug|Any CPU = Debug|Any CPU
		Release|Any CPU = Release|Any CPU
	EndGlobalSection
	GlobalSection(ProjectConfigurationPlatforms) = postSolution
		{A19E9588-C1CA-4EEA-A16C-2F1819CAD14D}.Debug|Any CPU.ActiveCfg = Debug|Any CPU
		{A19E9588-C1CA-4EEA-A16C-2F1819CAD14D}.Debug|Any CPU.Build.0 = Debug|Any CPU
		{A19E9588-C1CA-4EEA-A16C-2F1819CAD14D}.Release|Any CPU.ActiveCfg = Release|Any CPU
		{A19E9588-C1CA-4EEA-A16C-2F1819CAD14D}.Release|Any CPU.Build.0 = Release|Any CPU
	EndGlobalSection
	GlobalSection(SolutionProperties) = preSolution
		HideSolutionNode = FALSE
	EndGlobalSection
EndGlobal
